hash: f765b659aea913fdeeb99d566492db2fe68beb324aec925995157e318fe8b260
updated: 2017-10-20T18:45:10.911018873-07:00
imports:
- name: github.com/codegangsta/inject
  version: 33e0aa1cb7c019ccc3fbe049a8262a6403d30504
- name: github.com/fsnotify/fsnotify
  version: 4da3e2cfbabc9f751898f250b49f2439785783a1
- name: github.com/go-martini/martini
  version: 49411a5b646861ad29a6ddd5351717a0a9c49b94
- name: github.com/go-xorm/builder
  version: c8871c857d2555fbfbd8524f895be5386d3d8836
- name: github.com/go-xorm/core
  version: e9b7412d750de4920b1c7b3ede5a98fd76d38308
- name: github.com/go-xorm/xorm
  version: 78795d8f1385c80d5229435a13ef71d4e30435a6
- name: github.com/hashicorp/hcl
  version: 392dba7d905ed5d04a5794ba89f558b27e2ba1ca
  subpackages:
  - hcl/ast
  - hcl/parser
  - hcl/scanner
  - hcl/strconv
  - hcl/token
  - json/parser
  - json/scanner
  - json/token
- name: github.com/lib/pq
  version: 456514e2defec52e0cd37f90ccf17ec8b28295e2
  subpackages:
  - oid
- name: github.com/magiconair/properties
  version: be5ece7dd465ab0765a9682137865547526d1dfb
- name: github.com/martini-contrib/auth
  version: fa62c19b7ae87da370242054c8beb11af31d327f
- name: github.com/martini-contrib/render
  version: ec18f8345a1181146728238980606fb1d6f40e8c
- name: github.com/mitchellh/mapstructure
  version: d0303fe809921458f417bcf828397a65db30a7e4
- name: github.com/oxtoacart/bpool
  version: 4e1c5567d7c2dd59fa4c7c83d34c2f3528b025d6
- name: github.com/pelletier/go-toml
  version: 69d355db5304c0f7f809a2edc054553e7142f016
- name: github.com/shogo82148/go-shuffle
  version: 59829097ff3b062427a69e2c461ef60523e37280
- name: github.com/sirupsen/logrus
  version: 89742aefa4b206dcf400792f3bd35b542998eb3b
- name: github.com/spf13/afero
  version: 9be650865eab0c12963d8753212f4f9c66cdcf12
  subpackages:
  - mem
- name: github.com/spf13/cast
  version: acbeb36b902d72a7a4c18e8f3241075e7ab763e4
- name: github.com/spf13/jwalterweatherman
  version: 0efa5202c04663c757d84f90f5219c1250baf94f
- name: github.com/spf13/pflag
  version: e57e3eeb33f795204c1ca35f56c44f83227c6e66
- name: github.com/spf13/viper
  version: c1de95864d73a5465492829d7cb2dd422b19ac96
- name: golang.org/x/crypto
  version: edd5e9b0879d13ee6970a50153d85b8fec9f7686
  subpackages:
  - ssh/terminal
- name: golang.org/x/sys
  version: abf9c25f54453410d0c6668e519582a9e1115027
  subpackages:
  - unix
  - windows
- name: golang.org/x/text
  version: cfdf022e86b4ecfb646e1efbd7db175dd623a8fa
  subpackages:
  - transform
  - unicode/norm
- name: gopkg.in/yaml.v2
  version: cd8b52f8269e0feb286dfeef29f8fe4d5b397e0b
testImports: []
